
Microsoft Visual Studio Solution File, Format Version 12.00
# Visual Studio 14
VisualStudioVersion = 14.0.25420.1
MinimumVisualStudioVersion = 10.0.40219.1
Project("{FAE04EC0-301F-11D3-BF4B-00C04F79EFBC}") = "dnpatch", "dnpatch\dnpatch.csproj", "{14CA7A28-7FA8-40A0-ABC6-81E9F36318DE}"
EndProject
Project("{FAE04EC0-301F-11D3-BF4B-00C04F79EFBC}") = "Example", "Example\Example.csproj", "{B38BB1AE-DE16-41F1-926F-A1DA233B0A30}"
EndProject
Project("{FAE04EC0-301F-11D3-BF4B-00C04F79EFBC}") = "Test", "Test\Test.csproj", "{773F8B20-46D8-4DCC-A146-92E92E8B76F5}"
EndProject
Project("{FAE04EC0-301F-11D3-BF4B-00C04F79EFBC}") = "dnpatch.deobfuscation", "dnpatch.deobfuscation\dnpatch.deobfuscation.csproj", "{D2A5E850-4078-4C19-B2F4-7F8556CAD473}"
EndProject
Project("{FAE04EC0-301F-11D3-BF4B-00C04F79EFBC}") = "TestObfuscated", "TestObfuscated\TestObfuscated.csproj", "{E4C1C1DD-B655-405D-9477-4A305D29236F}"
EndProject
Project("{FAE04EC0-301F-11D3-BF4B-00C04F79EFBC}") = "ExampleDeobfuscation", "ExampleDeobfuscation\ExampleDeobfuscation.csproj", "{29D63DBA-F2EB-4C8A-9DAC-74A6BFDD087E}"
EndProject
Project("{2150E333-8FDC-42A3-9474-1A3956D46DE8}") = "Examples", "Examples", "{0C4D98EE-E1F6-4C46-941D-24CEB4C4F64B}"
EndProject
Project("{FAE04EC0-301F-11D3-BF4B-00C04F79EFBC}") = "UnpackMe1", "UnpackMe1\UnpackMe1.csproj", "{80ED992E-77C3-43DF-8A41-54838719F7A8}"
EndProject
Project("{FAE04EC0-301F-11D3-BF4B-00C04F79EFBC}") = "UnpackMe2", "UnpackMe2\UnpackMe2.csproj", "{055F8169-03F0-40A1-B9EB-020AE5810CA7}"
EndProject
Project("{2150E333-8FDC-42A3-9474-1A3956D46DE8}") = "Tests", "Tests", "{29051463-2FA8-4444-B02E-5AA3D784F06F}"
EndProject
Project("{FAE04EC0-301F-11D3-BF4B-00C04F79EFBC}") = "dnpatch.script", "dnpatch.script\dnpatch.script.csproj", "{34AAC8D2-EC71-43A4-B107-3085F07D6B35}"
EndProject
Project("{2150E333-8FDC-42A3-9474-1A3956D46DE8}") = "dnpatch", "dnpatch", "{E09E6B09-7513-4F57-B651-FD7EFEC50652}"
EndProject
Project("{2150E333-8FDC-42A3-9474-1A3956D46DE8}") = "dnpatch.deobfuscation", "dnpatch.deobfuscation", "{10115910-5349-40D0-8C87-FB04950429A4}"
EndProject
Project("{2150E333-8FDC-42A3-9474-1A3956D46DE8}") = "dnpatch.script", "dnpatch.script", "{91A594B0-6AAC-436A-9962-F4F55164F145}"
EndProject
Project("{FAE04EC0-301F-11D3-BF4B-00C04F79EFBC}") = "TestScript", "TestScript\TestScript.csproj", "{1C0FA309-87CB-48D3-8C0E-BE2155B05E86}"
EndProject
Global
	GlobalSection(SolutionConfigurationPlatforms) = preSolution
		Debug|Any CPU = Debug|Any CPU
		Release|Any CPU = Release|Any CPU
	EndGlobalSection
	GlobalSection(ProjectConfigurationPlatforms) = postSolution
		{14CA7A28-7FA8-40A0-ABC6-81E9F36318DE}.Debug|Any CPU.ActiveCfg = Debug|Any CPU
		{14CA7A28-7FA8-40A0-ABC6-81E9F36318DE}.Debug|Any CPU.Build.0 = Debug|Any CPU
		{14CA7A28-7FA8-40A0-ABC6-81E9F36318DE}.Release|Any CPU.ActiveCfg = Release|Any CPU
		{14CA7A28-7FA8-40A0-ABC6-81E9F36318DE}.Release|Any CPU.Build.0 = Release|Any CPU
		{B38BB1AE-DE16-41F1-926F-A1DA233B0A30}.Debug|Any CPU.ActiveCfg = Debug|Any CPU
		{B38BB1AE-DE16-41F1-926F-A1DA233B0A30}.Debug|Any CPU.Build.0 = Debug|Any CPU
		{B38BB1AE-DE16-41F1-926F-A1DA233B0A30}.Release|Any CPU.ActiveCfg = Release|Any CPU
		{B38BB1AE-DE16-41F1-926F-A1DA233B0A30}.Release|Any CPU.Build.0 = Release|Any CPU
		{773F8B20-46D8-4DCC-A146-92E92E8B76F5}.Debug|Any CPU.ActiveCfg = Debug|Any CPU
		{773F8B20-46D8-4DCC-A146-92E92E8B76F5}.Debug|Any CPU.Build.0 = Debug|Any CPU
		{773F8B20-46D8-4DCC-A146-92E92E8B76F5}.Release|Any CPU.ActiveCfg = Release|Any CPU
		{773F8B20-46D8-4DCC-A146-92E92E8B76F5}.Release|Any CPU.Build.0 = Release|Any CPU
		{D2A5E850-4078-4C19-B2F4-7F8556CAD473}.Debug|Any CPU.ActiveCfg = Debug|Any CPU
		{D2A5E850-4078-4C19-B2F4-7F8556CAD473}.Debug|Any CPU.Build.0 = Debug|Any CPU
		{D2A5E850-4078-4C19-B2F4-7F8556CAD473}.Release|Any CPU.ActiveCfg = Release|Any CPU
		{D2A5E850-4078-4C19-B2F4-7F8556CAD473}.Release|Any CPU.Build.0 = Release|Any CPU
		{E4C1C1DD-B655-405D-9477-4A305D29236F}.Debug|Any CPU.ActiveCfg = Debug|Any CPU
		{E4C1C1DD-B655-405D-9477-4A305D29236F}.Debug|Any CPU.Build.0 = Debug|Any CPU
		{E4C1C1DD-B655-405D-9477-4A305D29236F}.Release|Any CPU.ActiveCfg = Release|Any CPU
		{E4C1C1DD-B655-405D-9477-4A305D29236F}.Release|Any CPU.Build.0 = Release|Any CPU
		{29D63DBA-F2EB-4C8A-9DAC-74A6BFDD087E}.Debug|Any CPU.ActiveCfg = Debug|Any CPU
		{29D63DBA-F2EB-4C8A-9DAC-74A6BFDD087E}.Debug|Any CPU.Build.0 = Debug|Any CPU
		{29D63DBA-F2EB-4C8A-9DAC-74A6BFDD087E}.Release|Any CPU.ActiveCfg = Release|Any CPU
		{29D63DBA-F2EB-4C8A-9DAC-74A6BFDD087E}.Release|Any CPU.Build.0 = Release|Any CPU
		{80ED992E-77C3-43DF-8A41-54838719F7A8}.Debug|Any CPU.ActiveCfg = Debug|Any CPU
		{80ED992E-77C3-43DF-8A41-54838719F7A8}.Debug|Any CPU.Build.0 = Debug|Any CPU
		{80ED992E-77C3-43DF-8A41-54838719F7A8}.Release|Any CPU.ActiveCfg = Release|Any CPU
		{80ED992E-77C3-43DF-8A41-54838719F7A8}.Release|Any CPU.Build.0 = Release|Any CPU
		{055F8169-03F0-40A1-B9EB-020AE5810CA7}.Debug|Any CPU.ActiveCfg = Debug|Any CPU
		{055F8169-03F0-40A1-B9EB-020AE5810CA7}.Debug|Any CPU.Build.0 = Debug|Any CPU
		{055F8169-03F0-40A1-B9EB-020AE5810CA7}.Release|Any CPU.ActiveCfg = Release|Any CPU
		{055F8169-03F0-40A1-B9EB-020AE5810CA7}.Release|Any CPU.Build.0 = Release|Any CPU
		{34AAC8D2-EC71-43A4-B107-3085F07D6B35}.Debug|Any CPU.ActiveCfg = Debug|Any CPU
		{34AAC8D2-EC71-43A4-B107-3085F07D6B35}.Debug|Any CPU.Build.0 = Debug|Any CPU
		{34AAC8D2-EC71-43A4-B107-3085F07D6B35}.Release|Any CPU.ActiveCfg = Release|Any CPU
		{34AAC8D2-EC71-43A4-B107-3085F07D6B35}.Release|Any CPU.Build.0 = Release|Any CPU
		{1C0FA309-87CB-48D3-8C0E-BE2155B05E86}.Debug|Any CPU.ActiveCfg = Debug|Any CPU
		{1C0FA309-87CB-48D3-8C0E-BE2155B05E86}.Debug|Any CPU.Build.0 = Debug|Any CPU
		{1C0FA309-87CB-48D3-8C0E-BE2155B05E86}.Release|Any CPU.ActiveCfg = Release|Any CPU
		{1C0FA309-87CB-48D3-8C0E-BE2155B05E86}.Release|Any CPU.Build.0 = Release|Any CPU
	EndGlobalSection
	GlobalSection(SolutionProperties) = preSolution
		HideSolutionNode = FALSE
	EndGlobalSection
	GlobalSection(NestedProjects) = preSolution
		{B38BB1AE-DE16-41F1-926F-A1DA233B0A30} = {E09E6B09-7513-4F57-B651-FD7EFEC50652}
		{773F8B20-46D8-4DCC-A146-92E92E8B76F5} = {29051463-2FA8-4444-B02E-5AA3D784F06F}
		{E4C1C1DD-B655-405D-9477-4A305D29236F} = {29051463-2FA8-4444-B02E-5AA3D784F06F}
		{29D63DBA-F2EB-4C8A-9DAC-74A6BFDD087E} = {10115910-5349-40D0-8C87-FB04950429A4}
		{80ED992E-77C3-43DF-8A41-54838719F7A8} = {E09E6B09-7513-4F57-B651-FD7EFEC50652}
		{055F8169-03F0-40A1-B9EB-020AE5810CA7} = {10115910-5349-40D0-8C87-FB04950429A4}
		{E09E6B09-7513-4F57-B651-FD7EFEC50652} = {0C4D98EE-E1F6-4C46-941D-24CEB4C4F64B}
		{10115910-5349-40D0-8C87-FB04950429A4} = {0C4D98EE-E1F6-4C46-941D-24CEB4C4F64B}
		{91A594B0-6AAC-436A-9962-F4F55164F145} = {0C4D98EE-E1F6-4C46-941D-24CEB4C4F64B}
		{1C0FA309-87CB-48D3-8C0E-BE2155B05E86} = {29051463-2FA8-4444-B02E-5AA3D784F06F}
	EndGlobalSection
EndGlobal
