
Microsoft Visual Studio Solution File, Format Version 12.00
# Visual Studio 15
VisualStudioVersion = 15.0.26430.16
MinimumVisualStudioVersion = 10.0.40219.1
Project("{FAE04EC0-301F-11D3-BF4B-00C04F79EFBC}") = "dnpatch", "dnpatch\dnpatch.csproj", "{14CA7A28-7FA8-40A0-ABC6-81E9F36318DE}"
EndProject
Project("{FAE04EC0-301F-11D3-BF4B-00C04F79EFBC}") = "dnpatch.tests", "dnpatchTests\dnpatch.tests.csproj", "{02E36734-4011-48CF-93EF-1C10A692E216}"
EndProject
Project("{FAE04EC0-301F-11D3-BF4B-00C04F79EFBC}") = "dnlib", "dnlib\src\dnlib.csproj", "{FDFC1237-143F-4919-8318-4926901F4639}"
EndProject
Global
	GlobalSection(SolutionConfigurationPlatforms) = preSolution
		Debug|Any CPU = Debug|Any CPU
		Release|Any CPU = Release|Any CPU
	EndGlobalSection
	GlobalSection(ProjectConfigurationPlatforms) = postSolution
		{14CA7A28-7FA8-40A0-ABC6-81E9F36318DE}.Debug|Any CPU.ActiveCfg = Debug|Any CPU
		{14CA7A28-7FA8-40A0-ABC6-81E9F36318DE}.Debug|Any CPU.Build.0 = Debug|Any CPU
		{14CA7A28-7FA8-40A0-ABC6-81E9F36318DE}.Release|Any CPU.ActiveCfg = Release|Any CPU
		{14CA7A28-7FA8-40A0-ABC6-81E9F36318DE}.Release|Any CPU.Build.0 = Release|Any CPU
		{02E36734-4011-48CF-93EF-1C10A692E216}.Debug|Any CPU.ActiveCfg = Debug|Any CPU
		{02E36734-4011-48CF-93EF-1C10A692E216}.Debug|Any CPU.Build.0 = Debug|Any CPU
		{02E36734-4011-48CF-93EF-1C10A692E216}.Release|Any CPU.ActiveCfg = Release|Any CPU
		{02E36734-4011-48CF-93EF-1C10A692E216}.Release|Any CPU.Build.0 = Release|Any CPU
		{FDFC1237-143F-4919-8318-4926901F4639}.Debug|Any CPU.ActiveCfg = Debug|Any CPU
		{FDFC1237-143F-4919-8318-4926901F4639}.Debug|Any CPU.Build.0 = Debug|Any CPU
		{FDFC1237-143F-4919-8318-4926901F4639}.Release|Any CPU.ActiveCfg = Release|Any CPU
		{FDFC1237-143F-4919-8318-4926901F4639}.Release|Any CPU.Build.0 = Release|Any CPU
	EndGlobalSection
	GlobalSection(SolutionProperties) = preSolution
		HideSolutionNode = FALSE
	EndGlobalSection
EndGlobal
